
Microsoft Visual Studio Solution File, Format Version 12.00
# Visual Studio Version 17
VisualStudioVersion = 17.7.34202.233
MinimumVisualStudioVersion = 10.0.40219.1
Project("{FAE04EC0-301F-11D3-BF4B-00C04F79EFBC}") = "WebApplication2", "WebApplication2\WebApplication2.csproj", "{A74E1882-58E6-4AAF-A4C6-B6DD2CAF10AF}"
EndProject
Global
	GlobalSection(SolutionConfigurationPlatforms) = preSolution
		Debug|Any CPU = Debug|Any CPU
		Release|Any CPU = Release|Any CPU
	EndGlobalSection
	GlobalSection(ProjectConfigurationPlatforms) = postSolution
		{A74E1882-58E6-4AAF-A4C6-B6DD2CAF10AF}.Debug|Any CPU.ActiveCfg = Debug|Any CPU
		{A74E1882-58E6-4AAF-A4C6-B6DD2CAF10AF}.Debug|Any CPU.Build.0 = Debug|Any CPU
		{A74E1882-58E6-4AAF-A4C6-B6DD2CAF10AF}.Release|Any CPU.ActiveCfg = Release|Any CPU
		{A74E1882-58E6-4AAF-A4C6-B6DD2CAF10AF}.Release|Any CPU.Build.0 = Release|Any CPU
	EndGlobalSection
	GlobalSection(SolutionProperties) = preSolution
		HideSolutionNode = FALSE
	EndGlobalSection
	GlobalSection(ExtensibilityGlobals) = postSolution
		SolutionGuid = {5FC1B5BE-CD43-43A4-9917-1CBC8A6C1FB6}
	EndGlobalSection
EndGlobal
